
Microsoft Visual Studio Solution File, Format Version 12.00
# Visual Studio Version 17
VisualStudioVersion = 17.8.34322.80
MinimumVisualStudioVersion = 10.0.40219.1
Project("{F184B08F-C81C-45F6-A57F-5ABD9991F28F}") = "DiceGame2", "DiceGame2.vbproj", "{46414DE0-2201-4CB4-940C-CCD9294CB49F}"
EndProject
Global
	GlobalSection(SolutionConfigurationPlatforms) = preSolution
		Debug|Any CPU = Debug|Any CPU
		Release|Any CPU = Release|Any CPU
	EndGlobalSection
	GlobalSection(ProjectConfigurationPlatforms) = postSolution
		{46414DE0-2201-4CB4-940C-CCD9294CB49F}.Debug|Any CPU.ActiveCfg = Debug|Any CPU
		{46414DE0-2201-4CB4-940C-CCD9294CB49F}.Debug|Any CPU.Build.0 = Debug|Any CPU
		{46414DE0-2201-4CB4-940C-CCD9294CB49F}.Release|Any CPU.ActiveCfg = Release|Any CPU
		{46414DE0-2201-4CB4-940C-CCD9294CB49F}.Release|Any CPU.Build.0 = Release|Any CPU
	EndGlobalSection
	GlobalSection(SolutionProperties) = preSolution
		HideSolutionNode = FALSE
	EndGlobalSection
	GlobalSection(ExtensibilityGlobals) = postSolution
		SolutionGuid = {C6980DF2-E404-4DB3-B016-DF12683E672A}
	EndGlobalSection
EndGlobal
